
Microsoft Visual Studio Solution File, Format Version 12.00
# Visual Studio Version 17
VisualStudioVersion = 17.0.31903.59
MinimumVisualStudioVersion = 10.0.40219.1
Project("{2150E333-8FDC-42A3-9474-1A3956D46DE8}") = "src", "src", "{F072B59F-18B4-4AE7-BBFA-BFBF45978FE6}"
EndProject
Project("{2150E333-8FDC-42A3-9474-1A3956D46DE8}") = "tests", "tests", "{26D46914-73E0-427A-99E4-D2F687BE11BB}"
EndProject
Project("{FAE04EC0-301F-11D3-BF4B-00C04F79EFBC}") = "Skinet.Core", "src\Skinet.Core\Skinet.Core.csproj", "{C75BC1E0-CDFB-4EF7-BBB1-929DA0066519}"
EndProject
Project("{FAE04EC0-301F-11D3-BF4B-00C04F79EFBC}") = "Skinet.Infrastructure", "src\Skinet.Infrastructure\Skinet.Infrastructure.csproj", "{5938D2B6-651B-4C01-9D1D-5CC631E9A0DA}"
EndProject
Project("{FAE04EC0-301F-11D3-BF4B-00C04F79EFBC}") = "Skinet.API", "src\Skinet.API\Skinet.API.csproj", "{FE2025F5-AB7F-4662-8F42-72074449478E}"
EndProject
Global
	GlobalSection(SolutionConfigurationPlatforms) = preSolution
		Debug|Any CPU = Debug|Any CPU
		Release|Any CPU = Release|Any CPU
	EndGlobalSection
	GlobalSection(ProjectConfigurationPlatforms) = postSolution
		{C75BC1E0-CDFB-4EF7-BBB1-929DA0066519}.Debug|Any CPU.ActiveCfg = Debug|Any CPU
		{C75BC1E0-CDFB-4EF7-BBB1-929DA0066519}.Debug|Any CPU.Build.0 = Debug|Any CPU
		{C75BC1E0-CDFB-4EF7-BBB1-929DA0066519}.Release|Any CPU.ActiveCfg = Release|Any CPU
		{C75BC1E0-CDFB-4EF7-BBB1-929DA0066519}.Release|Any CPU.Build.0 = Release|Any CPU
		{5938D2B6-651B-4C01-9D1D-5CC631E9A0DA}.Debug|Any CPU.ActiveCfg = Debug|Any CPU
		{5938D2B6-651B-4C01-9D1D-5CC631E9A0DA}.Debug|Any CPU.Build.0 = Debug|Any CPU
		{5938D2B6-651B-4C01-9D1D-5CC631E9A0DA}.Release|Any CPU.ActiveCfg = Release|Any CPU
		{5938D2B6-651B-4C01-9D1D-5CC631E9A0DA}.Release|Any CPU.Build.0 = Release|Any CPU
		{FE2025F5-AB7F-4662-8F42-72074449478E}.Debug|Any CPU.ActiveCfg = Debug|Any CPU
		{FE2025F5-AB7F-4662-8F42-72074449478E}.Debug|Any CPU.Build.0 = Debug|Any CPU
		{FE2025F5-AB7F-4662-8F42-72074449478E}.Release|Any CPU.ActiveCfg = Release|Any CPU
		{FE2025F5-AB7F-4662-8F42-72074449478E}.Release|Any CPU.Build.0 = Release|Any CPU
	EndGlobalSection
	GlobalSection(SolutionProperties) = preSolution
		HideSolutionNode = FALSE
	EndGlobalSection
	GlobalSection(NestedProjects) = preSolution
		{C75BC1E0-CDFB-4EF7-BBB1-929DA0066519} = {F072B59F-18B4-4AE7-BBFA-BFBF45978FE6}
		{5938D2B6-651B-4C01-9D1D-5CC631E9A0DA} = {F072B59F-18B4-4AE7-BBFA-BFBF45978FE6}
		{FE2025F5-AB7F-4662-8F42-72074449478E} = {F072B59F-18B4-4AE7-BBFA-BFBF45978FE6}
	EndGlobalSection
EndGlobal
